
Microsoft Visual Studio Solution File, Format Version 12.00
# Visual Studio Version 17
VisualStudioVersion = 17.10.35122.118
MinimumVisualStudioVersion = 10.0.40219.1
Project("{FAE04EC0-301F-11D3-BF4B-00C04F79EFBC}") = "MindworxLaptopTrackingApp", "MindworxLaptopTrackingApp\MindworxLaptopTrackingApp.csproj", "{17BF8DEB-504F-4EB9-AEF6-035465700F71}"
EndProject
Global
	GlobalSection(SolutionConfigurationPlatforms) = preSolution
		Debug|Any CPU = Debug|Any CPU
		Release|Any CPU = Release|Any CPU
	EndGlobalSection
	GlobalSection(ProjectConfigurationPlatforms) = postSolution
		{17BF8DEB-504F-4EB9-AEF6-035465700F71}.Debug|Any CPU.ActiveCfg = Debug|Any CPU
		{17BF8DEB-504F-4EB9-AEF6-035465700F71}.Debug|Any CPU.Build.0 = Debug|Any CPU
		{17BF8DEB-504F-4EB9-AEF6-035465700F71}.Release|Any CPU.ActiveCfg = Release|Any CPU
		{17BF8DEB-504F-4EB9-AEF6-035465700F71}.Release|Any CPU.Build.0 = Release|Any CPU
	EndGlobalSection
	GlobalSection(SolutionProperties) = preSolution
		HideSolutionNode = FALSE
	EndGlobalSection
	GlobalSection(ExtensibilityGlobals) = postSolution
		SolutionGuid = {E97ECF15-4A34-4556-A3E0-2E29A31C6738}
	EndGlobalSection
EndGlobal
